<Solution>
  <Configurations>
    <Platform Name="x64" />
  </Configurations>
  <Project Path="src/drive/crates/drive-app/drive-app.rsproj" Type="6c7c4cb5-6e36-4c6f-9c6f-9c6e9b4d4c13" />
  <Project Path="src/chat/kubuno-chat.rsproj" Type="6c7c4cb5-6e36-4c6f-9c6f-9c6e9b4d4c13" />
  <Project Path="src/crates/kubuno-data-tool/kubuno-data-tool.rsproj" Type="6c7c4cb5-6e36-4c6f-9c6f-9c6e9b4d4c13" />
  <Project Path="src/shell/kubuno-desktop.rsproj" Type="6c7c4cb5-6e36-4c6f-9c6f-9c6e9b4d4c13" />
  <Project Path="src/documents/kubuno-documents.rsproj" Type="6c7c4cb5-6e36-4c6f-9c6f-9c6e9b4d4c13" />
  <Project Path="src/crates/kubuno-views-ls/kubuno-views-ls.rsproj" Type="6c7c4cb5-6e36-4c6f-9c6f-9c6e9b4d4c13" />
  <Folder Name="/Libraries/">
    <Project Path="src/drive/crates/drive-app-controls/drive-app-controls.rsproj" Type="6c7c4cb5-6e36-4c6f-9c6f-9c6e9b4d4c13" />
    <Project Path="src/drive/crates/drive-app-storage/drive-app-storage.rsproj" Type="6c7c4cb5-6e36-4c6f-9c6f-9c6e9b4d4c13" />
    <Project Path="src/drive/crates/drive-core-storage/drive-core-storage.rsproj" Type="6c7c4cb5-6e36-4c6f-9c6f-9c6e9b4d4c13" />
    <Project Path="src/drive/crates/drive-localization/drive-localization.rsproj" Type="6c7c4cb5-6e36-4c6f-9c6f-9c6e9b4d4c13" />
    <Project Path="src/drive/crates/drive-shared/drive-shared.rsproj" Type="6c7c4cb5-6e36-4c6f-9c6f-9c6e9b4d4c13" />
    <Project Path="src/crates/kubuno/kubuno.rsproj" Type="6c7c4cb5-6e36-4c6f-9c6f-9c6e9b4d4c13" />
    <Project Path="src/crates/kubuno-shell-controls/kubuno-shell-controls.rsproj" Type="6c7c4cb5-6e36-4c6f-9c6f-9c6e9b4d4c13" />
    <Project Path="src/crates/kubuno-header-data/kubuno-header-data.rsproj" Type="6c7c4cb5-6e36-4c6f-9c6f-9c6e9b4d4c13" />
    <Project Path="src/crates/kubuno-controls/kubuno-controls.rsproj" Type="6c7c4cb5-6e36-4c6f-9c6f-9c6e9b4d4c13" />
    <Project Path="src/crates/kubuno-data/kubuno-data.rsproj" Type="6c7c4cb5-6e36-4c6f-9c6f-9c6e9b4d4c13" />
    <Project Path="src/crates/kubuno-data-macros/kubuno-data-macros.rsproj" Type="6c7c4cb5-6e36-4c6f-9c6f-9c6e9b4d4c13" />
    <Project Path="src/crates/kubuno-data-model/kubuno-data-model.rsproj" Type="6c7c4cb5-6e36-4c6f-9c6f-9c6e9b4d4c13" />
    <Project Path="src/crates/kubuno-print/kubuno-print.rsproj" Type="6c7c4cb5-6e36-4c6f-9c6f-9c6e9b4d4c13" />
    <Project Path="src/crates/kubuno-app-storage-components/kubuno-app-storage-components.rsproj" Type="6c7c4cb5-6e36-4c6f-9c6f-9c6e9b4d4c13" />
    <Project Path="src/crates/kubuno-resources/kubuno-resources.rsproj" Type="6c7c4cb5-6e36-4c6f-9c6f-9c6e9b4d4c13" />
    <Project Path="src/crates/kubuno-resources-macros/kubuno-resources-macros.rsproj" Type="6c7c4cb5-6e36-4c6f-9c6f-9c6e9b4d4c13" />
    <Project Path="src/crates/kubuno-resources-model/kubuno-resources-model.rsproj" Type="6c7c4cb5-6e36-4c6f-9c6f-9c6e9b4d4c13" />
    <Project Path="src/crates/kubuno-resources-tool/kubuno-resources-tool.rsproj" Type="6c7c4cb5-6e36-4c6f-9c6f-9c6e9b4d4c13" />
    <Project Path="src/crates/kubuno-ui/kubuno-ui.rsproj" Type="6c7c4cb5-6e36-4c6f-9c6f-9c6e9b4d4c13" />
    <Project Path="src/crates/kubuno-views/kubuno-views.rsproj" Type="6c7c4cb5-6e36-4c6f-9c6f-9c6e9b4d4c13" />
    <Project Path="src/crates/kubuno-views-macros/kubuno-views-macros.rsproj" Type="6c7c4cb5-6e36-4c6f-9c6f-9c6e9b4d4c13" />
    <Project Path="src/crates/kubuno-views-meta/kubuno-views-meta.rsproj" Type="6c7c4cb5-6e36-4c6f-9c6f-9c6e9b4d4c13" />
    <Project Path="src/crates/kubuno-views-model/kubuno-views-model.rsproj" Type="6c7c4cb5-6e36-4c6f-9c6f-9c6e9b4d4c13" />
    <Project Path="src/crates/kubuno-views-syntax/kubuno-views-syntax.rsproj" Type="6c7c4cb5-6e36-4c6f-9c6f-9c6e9b4d4c13" />
    <Project Path="src/crates/kubuno-views-web/kubuno-views-web.rsproj" Type="6c7c4cb5-6e36-4c6f-9c6f-9c6e9b4d4c13" />
    <Project Path="../common/kubuno-account/kubuno-account.rsproj" Type="6c7c4cb5-6e36-4c6f-9c6f-9c6e9b4d4c13" />
    <Project Path="../common/kubuno-api-client/kubuno-api-client.rsproj" Type="6c7c4cb5-6e36-4c6f-9c6f-9c6e9b4d4c13" />
    <Project Path="../common/kubuno-secrets/kubuno-secrets.rsproj" Type="6c7c4cb5-6e36-4c6f-9c6f-9c6e9b4d4c13" />
    <Project Path="../common/kubuno-app-storage/kubuno-app-storage.rsproj" Type="6c7c4cb5-6e36-4c6f-9c6f-9c6e9b4d4c13" />
    <Project Path="../common/kubuno-sync-engine/kubuno-sync-engine.rsproj" Type="6c7c4cb5-6e36-4c6f-9c6f-9c6e9b4d4c13" />
  </Folder>
</Solution>
