<Solution>
  <Configurations>
    <Platform Name="x64" />
  </Configurations>
  <Folder Name="/Applications/">
    <Project Path="windows/src/shell/Kubuno.Desktop.Shell.rsproj" Type="6c7c4cb5-6e36-4c6f-9c6f-9c6e9b4d4c13" />
    <Project Path="windows/src/documents/Kubuno.Office.Desktop.rsproj" Type="6c7c4cb5-6e36-4c6f-9c6f-9c6e9b4d4c13" />
  </Folder>
  <Folder Name="/Framework/">
    <Project Path="windows/src/crates/kubuno-desktop/Kubuno.Desktop.rsproj" Type="6c7c4cb5-6e36-4c6f-9c6f-9c6e9b4d4c13" />
    <Project Path="windows/src/crates/kubuno-desktop-app-storage-components/Kubuno.Desktop.App.Storage.Components.rsproj" Type="6c7c4cb5-6e36-4c6f-9c6f-9c6e9b4d4c13" />
    <Project Path="windows/src/crates/kubuno-desktop-controls/Kubuno.Desktop.Controls.rsproj" Type="6c7c4cb5-6e36-4c6f-9c6f-9c6e9b4d4c13" />
    <Project Path="windows/src/crates/kubuno-desktop-data/Kubuno.Desktop.Data.rsproj" Type="6c7c4cb5-6e36-4c6f-9c6f-9c6e9b4d4c13" />
    <Project Path="windows/src/crates/kubuno-desktop-data-macros/Kubuno.Desktop.Data.Macros.rsproj" Type="6c7c4cb5-6e36-4c6f-9c6f-9c6e9b4d4c13" />
    <Project Path="windows/src/crates/kubuno-desktop-data-model/Kubuno.Desktop.Data.Model.rsproj" Type="6c7c4cb5-6e36-4c6f-9c6f-9c6e9b4d4c13" />
    <Project Path="windows/src/crates/kubuno-desktop-print/Kubuno.Desktop.Print.rsproj" Type="6c7c4cb5-6e36-4c6f-9c6f-9c6e9b4d4c13" />
    <Project Path="windows/src/crates/kubuno-desktop-resources/Kubuno.Desktop.Resources.rsproj" Type="6c7c4cb5-6e36-4c6f-9c6f-9c6e9b4d4c13" />
    <Project Path="windows/src/crates/kubuno-desktop-resources-macros/Kubuno.Desktop.Resources.Macros.rsproj" Type="6c7c4cb5-6e36-4c6f-9c6f-9c6e9b4d4c13" />
    <Project Path="windows/src/crates/kubuno-desktop-resources-model/Kubuno.Desktop.Resources.Model.rsproj" Type="6c7c4cb5-6e36-4c6f-9c6f-9c6e9b4d4c13" />
    <Project Path="windows/src/crates/kubuno-desktop-ui/Kubuno.Desktop.UI.rsproj" Type="6c7c4cb5-6e36-4c6f-9c6f-9c6e9b4d4c13" />
    <Project Path="windows/src/crates/kubuno-desktop-views/Kubuno.Desktop.Views.rsproj" Type="6c7c4cb5-6e36-4c6f-9c6f-9c6e9b4d4c13" />
    <Project Path="windows/src/crates/kubuno-desktop-views-macros/Kubuno.Desktop.Views.Macros.rsproj" Type="6c7c4cb5-6e36-4c6f-9c6f-9c6e9b4d4c13" />
    <Project Path="windows/src/crates/kubuno-desktop-views-meta/Kubuno.Desktop.Views.Meta.rsproj" Type="6c7c4cb5-6e36-4c6f-9c6f-9c6e9b4d4c13" />
    <Project Path="windows/src/crates/kubuno-desktop-views-model/Kubuno.Desktop.Views.Model.rsproj" Type="6c7c4cb5-6e36-4c6f-9c6f-9c6e9b4d4c13" />
    <Project Path="windows/src/crates/kubuno-desktop-views-syntax/Kubuno.Desktop.Views.Syntax.rsproj" Type="6c7c4cb5-6e36-4c6f-9c6f-9c6e9b4d4c13" />
    <Project Path="windows/src/crates/kubuno-drive-desktop-app-controls/Kubuno.Drive.Desktop.App.Controls.rsproj" Type="6c7c4cb5-6e36-4c6f-9c6f-9c6e9b4d4c13" />
    <Project Path="windows/src/crates/kubuno-drive-desktop-shared/Kubuno.Drive.Desktop.Shared.rsproj" Type="6c7c4cb5-6e36-4c6f-9c6f-9c6e9b4d4c13" />
  </Folder>
  <Folder Name="/Shared controls/">
    <Project Path="windows/src/crates/kubuno-desktop-header-data/Kubuno.Desktop.Header.Data.rsproj" Type="6c7c4cb5-6e36-4c6f-9c6f-9c6e9b4d4c13" />
    <Project Path="windows/src/crates/kubuno-desktop-shell-controls/Kubuno.Desktop.Shell.Controls.rsproj" Type="6c7c4cb5-6e36-4c6f-9c6f-9c6e9b4d4c13" />
  </Folder>
  <Folder Name="/Common (multi-OS)/">
    <Project Path="common/kubuno-desktop-account/Kubuno.Desktop.Account.rsproj" Type="6c7c4cb5-6e36-4c6f-9c6f-9c6e9b4d4c13" />
    <Project Path="common/kubuno-desktop-api-client/Kubuno.Desktop.Api.Client.rsproj" Type="6c7c4cb5-6e36-4c6f-9c6f-9c6e9b4d4c13" />
    <Project Path="common/kubuno-desktop-app-storage/Kubuno.Desktop.App.Storage.rsproj" Type="6c7c4cb5-6e36-4c6f-9c6f-9c6e9b4d4c13" />
    <Project Path="common/kubuno-desktop-secrets/Kubuno.Desktop.Secrets.rsproj" Type="6c7c4cb5-6e36-4c6f-9c6f-9c6e9b4d4c13" />
    <Project Path="common/kubuno-desktop-sync/Kubuno.Desktop.Sync.rsproj" Type="6c7c4cb5-6e36-4c6f-9c6f-9c6e9b4d4c13" />
    <Project Path="common/kubuno-desktop-sync-engine/Kubuno.Desktop.Sync.Engine.rsproj" Type="6c7c4cb5-6e36-4c6f-9c6f-9c6e9b4d4c13" />
    <Project Path="common/kubuno-office-docs-core/Kubuno.Office.Docs.Core.rsproj" Type="6c7c4cb5-6e36-4c6f-9c6f-9c6e9b4d4c13" />
  </Folder>
  <Folder Name="/Tools/">
    <Project Path="windows/src/crates/kubuno-desktop-data-tool/Kubuno.Desktop.Data.Tool.rsproj" Type="6c7c4cb5-6e36-4c6f-9c6f-9c6e9b4d4c13" />
    <Project Path="windows/src/crates/kubuno-desktop-resources-tool/Kubuno.Desktop.Resources.Tool.rsproj" Type="6c7c4cb5-6e36-4c6f-9c6f-9c6e9b4d4c13" />
    <Project Path="windows/src/crates/kubuno-desktop-views-ls/Kubuno.Desktop.Views.LS.rsproj" Type="6c7c4cb5-6e36-4c6f-9c6f-9c6e9b4d4c13" />
  </Folder>
  <Folder Name="/Web/">
    <Project Path="windows/src/crates/kubuno-web-views-compiler-core/Kubuno.Web.Views.Compiler.Core.rsproj" Type="6c7c4cb5-6e36-4c6f-9c6f-9c6e9b4d4c13" />
  </Folder>
</Solution>
